
Microsoft Visual Studio Solution File, Format Version 12.00
# Visual Studio 15
VisualStudioVersion = 15.0.28010.2046
MinimumVisualStudioVersion = 10.0.40219.1
Project("{FAE04EC0-301F-11D3-BF4B-00C04F79EFBC}") = "PluralSight_OOP_Fundamentals", "PluralSight_OOP_Fundamentals\PluralSight_OOP_Fundamentals.csproj", "{B14673F4-A20B-4C2F-AD87-937446CCC5D4}"
EndProject
Global
	GlobalSection(SolutionConfigurationPlatforms) = preSolution
		Debug|Any CPU = Debug|Any CPU
		Release|Any CPU = Release|Any CPU
	EndGlobalSection
	GlobalSection(ProjectConfigurationPlatforms) = postSolution
		{B14673F4-A20B-4C2F-AD87-937446CCC5D4}.Debug|Any CPU.ActiveCfg = Debug|Any CPU
		{B14673F4-A20B-4C2F-AD87-937446CCC5D4}.Debug|Any CPU.Build.0 = Debug|Any CPU
		{B14673F4-A20B-4C2F-AD87-937446CCC5D4}.Release|Any CPU.ActiveCfg = Release|Any CPU
		{B14673F4-A20B-4C2F-AD87-937446CCC5D4}.Release|Any CPU.Build.0 = Release|Any CPU
	EndGlobalSection
	GlobalSection(SolutionProperties) = preSolution
		HideSolutionNode = FALSE
	EndGlobalSection
	GlobalSection(ExtensibilityGlobals) = postSolution
		SolutionGuid = {C8E266BE-651C-46A4-9BF5-6DAE60D605C8}
	EndGlobalSection
EndGlobal
